
Microsoft Visual Studio Solution File, Format Version 12.00
# Visual Studio Version 17
VisualStudioVersion = 17.3.32922.545
MinimumVisualStudioVersion = 10.0.40219.1
Project("{FAE04EC0-301F-11D3-BF4B-00C04F79EFBC}") = "SuperHeroAPI", "SuperHeroAPI\SuperHeroAPI.csproj", "{72D0F2A0-6C29-4E85-B58A-651A524FAD3A}"
EndProject
Global
	GlobalSection(SolutionConfigurationPlatforms) = preSolution
		Debug|Any CPU = Debug|Any CPU
		Release|Any CPU = Release|Any CPU
	EndGlobalSection
	GlobalSection(ProjectConfigurationPlatforms) = postSolution
		{72D0F2A0-6C29-4E85-B58A-651A524FAD3A}.Debug|Any CPU.ActiveCfg = Debug|Any CPU
		{72D0F2A0-6C29-4E85-B58A-651A524FAD3A}.Debug|Any CPU.Build.0 = Debug|Any CPU
		{72D0F2A0-6C29-4E85-B58A-651A524FAD3A}.Release|Any CPU.ActiveCfg = Release|Any CPU
		{72D0F2A0-6C29-4E85-B58A-651A524FAD3A}.Release|Any CPU.Build.0 = Release|Any CPU
	EndGlobalSection
	GlobalSection(SolutionProperties) = preSolution
		HideSolutionNode = FALSE
	EndGlobalSection
	GlobalSection(ExtensibilityGlobals) = postSolution
		SolutionGuid = {7CEFC0E8-9C4C-4F34-B467-472E76D35D31}
	EndGlobalSection
EndGlobal
